
Microsoft Visual Studio Solution File, Format Version 12.00
# Visual Studio Version 16
VisualStudioVersion = 16.0.31105.61
MinimumVisualStudioVersion = 10.0.40219.1
Project("{FAE04EC0-301F-11D3-BF4B-00C04F79EFBC}") = "Presentacion", "Presentacion\Presentacion.csproj", "{625F833C-F0EA-43F3-8E8D-50AE34DF8C8C}"
EndProject
Project("{FAE04EC0-301F-11D3-BF4B-00C04F79EFBC}") = "Dominio", "Dominio\Dominio.csproj", "{9C3108C9-4399-4165-8826-42243F00BAB6}"
EndProject
Project("{FAE04EC0-301F-11D3-BF4B-00C04F79EFBC}") = "Negocio", "Negocio\Negocio.csproj", "{9463963C-EFD9-4F12-ABBD-7BBEA9A2F7DE}"
EndProject
Global
	GlobalSection(SolutionConfigurationPlatforms) = preSolution
		Debug|Any CPU = Debug|Any CPU
		Release|Any CPU = Release|Any CPU
	EndGlobalSection
	GlobalSection(ProjectConfigurationPlatforms) = postSolution
		{625F833C-F0EA-43F3-8E8D-50AE34DF8C8C}.Debug|Any CPU.ActiveCfg = Debug|Any CPU
		{625F833C-F0EA-43F3-8E8D-50AE34DF8C8C}.Debug|Any CPU.Build.0 = Debug|Any CPU
		{625F833C-F0EA-43F3-8E8D-50AE34DF8C8C}.Release|Any CPU.ActiveCfg = Release|Any CPU
		{625F833C-F0EA-43F3-8E8D-50AE34DF8C8C}.Release|Any CPU.Build.0 = Release|Any CPU
		{9C3108C9-4399-4165-8826-42243F00BAB6}.Debug|Any CPU.ActiveCfg = Debug|Any CPU
		{9C3108C9-4399-4165-8826-42243F00BAB6}.Debug|Any CPU.Build.0 = Debug|Any CPU
		{9C3108C9-4399-4165-8826-42243F00BAB6}.Release|Any CPU.ActiveCfg = Release|Any CPU
		{9C3108C9-4399-4165-8826-42243F00BAB6}.Release|Any CPU.Build.0 = Release|Any CPU
		{9463963C-EFD9-4F12-ABBD-7BBEA9A2F7DE}.Debug|Any CPU.ActiveCfg = Debug|Any CPU
		{9463963C-EFD9-4F12-ABBD-7BBEA9A2F7DE}.Debug|Any CPU.Build.0 = Debug|Any CPU
		{9463963C-EFD9-4F12-ABBD-7BBEA9A2F7DE}.Release|Any CPU.ActiveCfg = Release|Any CPU
		{9463963C-EFD9-4F12-ABBD-7BBEA9A2F7DE}.Release|Any CPU.Build.0 = Release|Any CPU
	EndGlobalSection
	GlobalSection(SolutionProperties) = preSolution
		HideSolutionNode = FALSE
	EndGlobalSection
	GlobalSection(ExtensibilityGlobals) = postSolution
		SolutionGuid = {9A593B59-0BD6-4E63-A60A-0B3D5041D0D6}
	EndGlobalSection
EndGlobal
